
Microsoft Visual Studio Solution File, Format Version 12.00
# Visual Studio Version 17
VisualStudioVersion = 17.3.32901.215
MinimumVisualStudioVersion = 10.0.40219.1
Project("{2150E333-8FDC-42A3-9474-1A3956D46DE8}") = "Core", "Core", "{4A113515-18D6-4A5B-9403-A40C3A4FD074}"
EndProject
Project("{9A19103F-16F7-4668-BE54-9A1E7A4F7556}") = "ETicaretAPI.Application", "Core\ETicaretAPI.Application\ETicaretAPI.Application.csproj", "{CE2E2D60-FC5D-46AC-B6E0-F04B0CE25DE8}"
EndProject
Project("{9A19103F-16F7-4668-BE54-9A1E7A4F7556}") = "ETicaretAPI.Domain", "Core\ETicaretAPI.Domain\ETicaretAPI.Domain.csproj", "{40EA4F8B-CFDF-4E2C-8B2C-2424D1DD0B10}"
EndProject
Project("{2150E333-8FDC-42A3-9474-1A3956D46DE8}") = "Infrastructure", "Infrastructure", "{F35F412D-730C-45DD-A45C-B7ADC906A06D}"
EndProject
Project("{9A19103F-16F7-4668-BE54-9A1E7A4F7556}") = "ETicaretAPI.Infrastructure", "Infrastructure\ETicaretAPI.Infrastructure\ETicaretAPI.Infrastructure.csproj", "{E24ADD4E-4F5A-45D5-BACA-861594EA356A}"
EndProject
Project("{9A19103F-16F7-4668-BE54-9A1E7A4F7556}") = "ETicaretAPI.Persistence", "Infrastructure\ETicaretAPI.Persistence\ETicaretAPI.Persistence.csproj", "{7C442328-244C-4E9B-8A99-0F46E516A302}"
EndProject
Project("{2150E333-8FDC-42A3-9474-1A3956D46DE8}") = "Presentation", "Presentation", "{0AFF6F7A-CBD5-4D91-B430-EABE14B061E2}"
EndProject
Project("{9A19103F-16F7-4668-BE54-9A1E7A4F7556}") = "ETicaretAPI.API", "Presentation\ETicaretAPI.API\ETicaretAPI.API.csproj", "{A5FFE195-952A-4B78-91E8-AFEA13B34EC3}"
EndProject
Project("{FAE04EC0-301F-11D3-BF4B-00C04F79EFBC}") = "ETicaretAPI.SignalR", "Infrastructure\ETicaretAPI.SignalR\ETicaretAPI.SignalR.csproj", "{9585701E-3C11-4B48-87A4-A0630A364638}"
EndProject
Global
	GlobalSection(SolutionConfigurationPlatforms) = preSolution
		Debug|Any CPU = Debug|Any CPU
		Release|Any CPU = Release|Any CPU
	EndGlobalSection
	GlobalSection(ProjectConfigurationPlatforms) = postSolution
		{CE2E2D60-FC5D-46AC-B6E0-F04B0CE25DE8}.Debug|Any CPU.ActiveCfg = Debug|Any CPU
		{CE2E2D60-FC5D-46AC-B6E0-F04B0CE25DE8}.Debug|Any CPU.Build.0 = Debug|Any CPU
		{CE2E2D60-FC5D-46AC-B6E0-F04B0CE25DE8}.Release|Any CPU.ActiveCfg = Release|Any CPU
		{CE2E2D60-FC5D-46AC-B6E0-F04B0CE25DE8}.Release|Any CPU.Build.0 = Release|Any CPU
		{40EA4F8B-CFDF-4E2C-8B2C-2424D1DD0B10}.Debug|Any CPU.ActiveCfg = Debug|Any CPU
		{40EA4F8B-CFDF-4E2C-8B2C-2424D1DD0B10}.Debug|Any CPU.Build.0 = Debug|Any CPU
		{40EA4F8B-CFDF-4E2C-8B2C-2424D1DD0B10}.Release|Any CPU.ActiveCfg = Release|Any CPU
		{40EA4F8B-CFDF-4E2C-8B2C-2424D1DD0B10}.Release|Any CPU.Build.0 = Release|Any CPU
		{E24ADD4E-4F5A-45D5-BACA-861594EA356A}.Debug|Any CPU.ActiveCfg = Debug|Any CPU
		{E24ADD4E-4F5A-45D5-BACA-861594EA356A}.Debug|Any CPU.Build.0 = Debug|Any CPU
		{E24ADD4E-4F5A-45D5-BACA-861594EA356A}.Release|Any CPU.ActiveCfg = Release|Any CPU
		{E24ADD4E-4F5A-45D5-BACA-861594EA356A}.Release|Any CPU.Build.0 = Release|Any CPU
		{7C442328-244C-4E9B-8A99-0F46E516A302}.Debug|Any CPU.ActiveCfg = Debug|Any CPU
		{7C442328-244C-4E9B-8A99-0F46E516A302}.Debug|Any CPU.Build.0 = Debug|Any CPU
		{7C442328-244C-4E9B-8A99-0F46E516A302}.Release|Any CPU.ActiveCfg = Release|Any CPU
		{7C442328-244C-4E9B-8A99-0F46E516A302}.Release|Any CPU.Build.0 = Release|Any CPU
		{A5FFE195-952A-4B78-91E8-AFEA13B34EC3}.Debug|Any CPU.ActiveCfg = Debug|Any CPU
		{A5FFE195-952A-4B78-91E8-AFEA13B34EC3}.Debug|Any CPU.Build.0 = Debug|Any CPU
		{A5FFE195-952A-4B78-91E8-AFEA13B34EC3}.Release|Any CPU.ActiveCfg = Release|Any CPU
		{A5FFE195-952A-4B78-91E8-AFEA13B34EC3}.Release|Any CPU.Build.0 = Release|Any CPU
		{9585701E-3C11-4B48-87A4-A0630A364638}.Debug|Any CPU.ActiveCfg = Debug|Any CPU
		{9585701E-3C11-4B48-87A4-A0630A364638}.Debug|Any CPU.Build.0 = Debug|Any CPU
		{9585701E-3C11-4B48-87A4-A0630A364638}.Release|Any CPU.ActiveCfg = Release|Any CPU
		{9585701E-3C11-4B48-87A4-A0630A364638}.Release|Any CPU.Build.0 = Release|Any CPU
	EndGlobalSection
	GlobalSection(SolutionProperties) = preSolution
		HideSolutionNode = FALSE
	EndGlobalSection
	GlobalSection(NestedProjects) = preSolution
		{CE2E2D60-FC5D-46AC-B6E0-F04B0CE25DE8} = {4A113515-18D6-4A5B-9403-A40C3A4FD074}
		{40EA4F8B-CFDF-4E2C-8B2C-2424D1DD0B10} = {4A113515-18D6-4A5B-9403-A40C3A4FD074}
		{E24ADD4E-4F5A-45D5-BACA-861594EA356A} = {F35F412D-730C-45DD-A45C-B7ADC906A06D}
		{7C442328-244C-4E9B-8A99-0F46E516A302} = {F35F412D-730C-45DD-A45C-B7ADC906A06D}
		{A5FFE195-952A-4B78-91E8-AFEA13B34EC3} = {0AFF6F7A-CBD5-4D91-B430-EABE14B061E2}
		{9585701E-3C11-4B48-87A4-A0630A364638} = {F35F412D-730C-45DD-A45C-B7ADC906A06D}
	EndGlobalSection
	GlobalSection(ExtensibilityGlobals) = postSolution
		SolutionGuid = {4991B079-3D4E-4103-9810-90D1E6CC9338}
	EndGlobalSection
EndGlobal
